// !$*UTF8*$!
{
	archiveVersion = 1;
	classes = {
	};
	objectVersion = 48;
	objects = {

/* Begin PBXBuildFile section */
		71E3C3EF1FD591560058CFDB /* AppDelegate.swift in Sources */ = {isa = PBXBuildFile; fileRef = 71E3C3EE1FD591560058CFDB /* AppDelegate.swift */; };
		71E3C3F11FD591560058CFDB /* ViewController.swift in Sources */ = {isa = PBXBuildFile; fileRef = 71E3C3F01FD591560058CFDB /* ViewController.swift */; };
		71E3C3F41FD591560058CFDB /* Main.storyboard in Resources */ = {isa = PBXBuildFile; fileRef = 71E3C3F21FD591560058CFDB /* Main.storyboard */; };
		71E3C3F71FD591560058CFDB /* VirtualTourist.xcdatamodeld in Sources */ = {isa = PBXBuildFile; fileRef = 71E3C3F51FD591560058CFDB /* VirtualTourist.xcdatamodeld */; };
		71E3C3F91FD591560058CFDB /* Assets.xcassets in Resources */ = {isa = PBXBuildFile; fileRef = 71E3C3F81FD591560058CFDB /* Assets.xcassets */; };
		71E3C3FC1FD591570058CFDB /* LaunchScreen.storyboard in Resources */ = {isa = PBXBuildFile; fileRef = 71E3C3FA1FD591570058CFDB /* LaunchScreen.storyboard */; };
		71E3C4071FD591570058CFDB /* VirtualTouristTests.swift in Sources */ = {isa = PBXBuildFile; fileRef = 71E3C4061FD591570058CFDB /* VirtualTouristTests.swift */; };
		71E3C4121FD591570058CFDB /* VirtualTouristUITests.swift in Sources */ = {isa = PBXBuildFile; fileRef = 71E3C4111FD591570058CFDB /* VirtualTouristUITests.swift */; };
/* End PBXBuildFile section */

/* Begin PBXContainerItemProxy section */
		71E3C4031FD591570058CFDB /* PBXContainerItemProxy */ = {
			isa = PBXContainerItemProxy;
			containerPortal = 71E3C3E31FD591560058CFDB /* Project object */;
			proxyType = 1;
			remoteGlobalIDString = 71E3C3EA1FD591560058CFDB;
			remoteInfo = VirtualTourist;
		};
		71E3C40E1FD591570058CFDB /* PBXContainerItemProxy */ = {
			isa = PBXContainerItemProxy;
			containerPortal = 71E3C3E31FD591560058CFDB /* Project object */;
			proxyType = 1;
			remoteGlobalIDString = 71E3C3EA1FD591560058CFDB;
			remoteInfo = VirtualTourist;
		};
/* End PBXContainerItemProxy section */

/* Begin PBXFileReference section */
		71E3C3EB1FD591560058CFDB /* VirtualTourist.app */ = {isa = PBXFileReference; explicitFileType = wrapper.application; includeInIndex = 0; path = VirtualTourist.app; sourceTree = BUILT_PRODUCTS_DIR; };
		71E3C3EE1FD591560058CFDB /* AppDelegate.swift */ = {isa = PBXFileReference; lastKnownFileType = sourcecode.swift; path = AppDelegate.swift; sourceTree = "<group>"; };
		71E3C3F01FD591560058CFDB /* ViewController.swift */ = {isa = PBXFileReference; lastKnownFileType = sourcecode.swift; path = ViewController.swift; sourceTree = "<group>"; };
		71E3C3F31FD591560058CFDB /* Base */ = {isa = PBXFileReference; lastKnownFileType = file.storyboard; name = Base; path = Base.lproj/Main.storyboard; sourceTree = "<group>"; };
		71E3C3F61FD591560058CFDB /* VirtualTourist.xcdatamodel */ = {isa = PBXFileReference; lastKnownFileType = wrapper.xcdatamodel; path = VirtualTourist.xcdatamodel; sourceTree = "<group>"; };
		71E3C3F81FD591560058CFDB /* Assets.xcassets */ = {isa = PBXFileReference; lastKnownFileType = folder.assetcatalog; path = Assets.xcassets; sourceTree = "<group>"; };
		71E3C3FB1FD591570058CFDB /* Base */ = {isa = PBXFileReference; lastKnownFileType = file.storyboard; name = Base; path = Base.lproj/LaunchScreen.storyboard; sourceTree = "<group>"; };
		71E3C3FD1FD591570058CFDB /* Info.plist */ = {isa = PBXFileReference; lastKnownFileType = text.plist.xml; path = Info.plist; sourceTree = "<group>"; };
		71E3C4021FD591570058CFDB /* VirtualTouristTests.xctest */ = {isa = PBXFileReference; explicitFileType = wrapper.cfbundle; includeInIndex = 0; path = VirtualTouristTests.xctest; sourceTree = BUILT_PRODUCTS_DIR; };
		71E3C4061FD591570058CFDB /* VirtualTouristTests.swift */ = {isa = PBXFileReference; lastKnownFileType = sourcecode.swift; path = VirtualTouristTests.swift; sourceTree = "<group>"; };
		71E3C4081FD591570058CFDB /* Info.plist */ = {isa = PBXFileReference; lastKnownFileType = text.plist.xml; path = Info.plist; sourceTree = "<group>"; };
		71E3C40D1FD591570058CFDB /* VirtualTouristUITests.xctest */ = {isa = PBXFileReference; explicitFileType = wrapper.cfbundle; includeInIndex = 0; path = VirtualTouristUITests.xctest; sourceTree = BUILT_PRODUCTS_DIR; };
		71E3C4111FD591570058CFDB /* VirtualTouristUITests.swift */ = {isa = PBXFileReference; lastKnownFileType = sourcecode.swift; path = VirtualTouristUITests.swift; sourceTree = "<group>"; };
		71E3C4131FD591570058CFDB /* Info.plist */ = {isa = PBXFileReference; lastKnownFileType = text.plist.xml; path = Info.plist; sourceTree = "<group>"; };
/* End PBXFileReference section */

/* Begin PBXFrameworksBuildPhase section */
		71E3C3E81FD591560058CFDB /* Frameworks */ = {
			isa = PBXFrameworksBuildPhase;
			buildActionMask = 2147483647;
			files = (
			);
			runOnlyForDeploymentPostprocessing = 0;
		};
		71E3C3FF1FD591570058CFDB /* Frameworks */ = {
			isa = PBXFrameworksBuildPhase;
			buildActionMask = 2147483647;
			files = (
			);
			runOnlyForDeploymentPostprocessing = 0;
		};
		71E3C40A1FD591570058CFDB /* Frameworks */ = {
			isa = PBXFrameworksBuildPhase;
			buildActionMask = 2147483647;
			files = (
			);
			runOnlyForDeploymentPostprocessing = 0;
		};
/* End PBXFrameworksBuildPhase section */

/* Begin PBXGroup section */
		71E3C3E21FD591560058CFDB = {
			isa = PBXGroup;
			children = (
				71E3C3ED1FD591560058CFDB /* VirtualTourist */,
				71E3C4051FD591570058CFDB /* VirtualTouristTests */,
				71E3C4101FD591570058CFDB /* VirtualTouristUITests */,
				71E3C3EC1FD591560058CFDB /* Products */,
			);
			sourceTree = "<group>";
		};
		71E3C3EC1FD591560058CFDB /* Products */ = {
			isa = PBXGroup;
			children = (
				71E3C3EB1FD591560058CFDB /* VirtualTourist.app */,
				71E3C4021FD591570058CFDB /* VirtualTouristTests.xctest */,
				71E3C40D1FD591570058CFDB /* VirtualTouristUITests.xctest */,
			);
			name = Products;
			sourceTree = "<group>";
		};
		71E3C3ED1FD591560058CFDB /* VirtualTourist */ = {
			isa = PBXGroup;
			children = (
				71E3C3EE1FD591560058CFDB /* AppDelegate.swift */,
				71E3C3F01FD591560058CFDB /* ViewController.swift */,
				71E3C3F21FD591560058CFDB /* Main.storyboard */,
				71E3C3F81FD591560058CFDB /* Assets.xcassets */,
				71E3C3FA1FD591570058CFDB /* LaunchScreen.storyboard */,
				71E3C3FD1FD591570058CFDB /* Info.plist */,
				71E3C3F51FD591560058CFDB /* VirtualTourist.xcdatamodeld */,
			);
			path = VirtualTourist;
			sourceTree = "<group>";
		};
		71E3C4051FD591570058CFDB /* VirtualTouristTests */ = {
			isa = PBXGroup;
			children = (
				71E3C4061FD591570058CFDB /* VirtualTouristTests.swift */,
				71E3C4081FD591570058CFDB /* Info.plist */,
			);
			path = VirtualTouristTests;
			sourceTree = "<group>";
		};
		71E3C4101FD591570058CFDB /* VirtualTouristUITests */ = {
			isa = PBXGroup;
			children = (
				71E3C4111FD591570058CFDB /* VirtualTouristUITests.swift */,
				71E3C4131FD591570058CFDB /* Info.plist */,
			);
			path = VirtualTouristUITests;
			sourceTree = "<group>";
		};
/* End PBXGroup section */

/* Begin PBXNativeTarget section */
		71E3C3EA1FD591560058CFDB /* VirtualTourist */ = {
			isa = PBXNativeTarget;
			buildConfigurationList = 71E3C4161FD591570058CFDB /* Build configuration list for PBXNativeTarget "VirtualTourist" */;
			buildPhases = (
				71E3C3E71FD591560058CFDB /* Sources */,
				71E3C3E81FD591560058CFDB /* Frameworks */,
				71E3C3E91FD591560058CFDB /* Resources */,
			);
			buildRules = (
			);
			dependencies = (
			);
			name = VirtualTourist;
			productName = VirtualTourist;
			productReference = 71E3C3EB1FD591560058CFDB /* VirtualTourist.app */;
			productType = "com.apple.product-type.application";
		};
		71E3C4011FD591570058CFDB /* VirtualTouristTests */ = {
			isa = PBXNativeTarget;
			buildConfigurationList = 71E3C4191FD591570058CFDB /* Build configuration list for PBXNativeTarget "VirtualTouristTests" */;
			buildPhases = (
				71E3C3FE1FD591570058CFDB /* Sources */,
				71E3C3FF1FD591570058CFDB /* Frameworks */,
				71E3C4001FD591570058CFDB /* Resources */,
			);
			buildRules = (
			);
			dependencies = (
				71E3C4041FD591570058CFDB /* PBXTargetDependency */,
			);
			name = VirtualTouristTests;
			productName = VirtualTouristTests;
			productReference = 71E3C4021FD591570058CFDB /* VirtualTouristTests.xctest */;
			productType = "com.apple.product-type.bundle.unit-test";
		};
		71E3C40C1FD591570058CFDB /* VirtualTouristUITests */ = {
			isa = PBXNativeTarget;
			buildConfigurationList = 71E3C41C1FD591570058CFDB /* Build configuration list for PBXNativeTarget "VirtualTouristUITests" */;
			buildPhases = (
				71E3C4091FD591570058CFDB /* Sources */,
				71E3C40A1FD591570058CFDB /* Frameworks */,
				71E3C40B1FD591570058CFDB /* Resources */,
			);
			buildRules = (
			);
			dependencies = (
				71E3C40F1FD591570058CFDB /* PBXTargetDependency */,
			);
			name = VirtualTouristUITests;
			productName = VirtualTouristUITests;
			productReference = 71E3C40D1FD591570058CFDB /* VirtualTouristUITests.xctest */;
			productType = "com.apple.product-type.bundle.ui-testing";
		};
/* End PBXNativeTarget section */

/* Begin PBXProject section */
		71E3C3E31FD591560058CFDB /* Project object */ = {
			isa = PBXProject;
			attributes = {
				LastSwiftUpdateCheck = 0910;
				LastUpgradeCheck = 0910;
				ORGANIZATIONNAME = "Mauricio Cabreira";
				TargetAttributes = {
					71E3C3EA1FD591560058CFDB = {
						CreatedOnToolsVersion = 9.1;
						ProvisioningStyle = Automatic;
					};
					71E3C4011FD591570058CFDB = {
						CreatedOnToolsVersion = 9.1;
						ProvisioningStyle = Automatic;
						TestTargetID = 71E3C3EA1FD591560058CFDB;
					};
					71E3C40C1FD591570058CFDB = {
						CreatedOnToolsVersion = 9.1;
						ProvisioningStyle = Automatic;
						TestTargetID = 71E3C3EA1FD591560058CFDB;
					};
				};
			};
			buildConfigurationList = 71E3C3E61FD591560058CFDB /* Build configuration list for PBXProject "VirtualTourist" */;
			compatibilityVersion = "Xcode 8.0";
			developmentRegion = en;
			hasScannedForEncodings = 0;
			knownRegions = (
				en,
				Base,
			);
			mainGroup = 71E3C3E21FD591560058CFDB;
			productRefGroup = 71E3C3EC1FD591560058CFDB /* Products */;
			projectDirPath = "";
			projectRoot = "";
			targets = (
				71E3C3EA1FD591560058CFDB /* VirtualTourist */,
				71E3C4011FD591570058CFDB /* VirtualTouristTests */,
				71E3C40C1FD591570058CFDB /* VirtualTouristUITests */,
			);
		};
/* End PBXProject section */

/* Begin PBXResourcesBuildPhase section */
		71E3C3E91FD591560058CFDB /* Resources */ = {
			isa = PBXResourcesBuildPhase;
			buildActionMask = 2147483647;
			files = (
				71E3C3FC1FD591570058CFDB /* LaunchScreen.storyboard in Resources */,
				71E3C3F91FD591560058CFDB /* Assets.xcassets in Resources */,
				71E3C3F41FD591560058CFDB /* Main.storyboard in Resources */,
			);
			runOnlyForDeploymentPostprocessing = 0;
		};
		71E3C4001FD591570058CFDB /* Resources */ = {
			isa = PBXResourcesBuildPhase;
			buildActionMask = 2147483647;
			files = (
			);
			runOnlyForDeploymentPostprocessing = 0;
		};
		71E3C40B1FD591570058CFDB /* Resources */ = {
			isa = PBXResourcesBuildPhase;
			buildActionMask = 2147483647;
			files = (
			);
			runOnlyForDeploymentPostprocessing = 0;
		};
/* End PBXResourcesBuildPhase section */

/* Begin PBXSourcesBuildPhase section */
		71E3C3E71FD591560058CFDB /* Sources */ = {
			isa = PBXSourcesBuildPhase;
			buildActionMask = 2147483647;
			files = (
				71E3C3F11FD591560058CFDB /* ViewController.swift in Sources */,
				71E3C3EF1FD591560058CFDB /* AppDelegate.swift in Sources */,
				71E3C3F71FD591560058CFDB /* VirtualTourist.xcdatamodeld in Sources */,
			);
			runOnlyForDeploymentPostprocessing = 0;
		};
		71E3C3FE1FD591570058CFDB /* Sources */ = {
			isa = PBXSourcesBuildPhase;
			buildActionMask = 2147483647;
			files = (
				71E3C4071FD591570058CFDB /* VirtualTouristTests.swift in Sources */,
			);
			runOnlyForDeploymentPostprocessing = 0;
		};
		71E3C4091FD591570058CFDB /* Sources */ = {
			isa = PBXSourcesBuildPhase;
			buildActionMask = 2147483647;
			files = (
				71E3C4121FD591570058CFDB /* VirtualTouristUITests.swift in Sources */,
			);
			runOnlyForDeploymentPostprocessing = 0;
		};
/* End PBXSourcesBuildPhase section */

/* Begin PBXTargetDependency section */
		71E3C4041FD591570058CFDB /* PBXTargetDependency */ = {
			isa = PBXTargetDependency;
			target = 71E3C3EA1FD591560058CFDB /* VirtualTourist */;
			targetProxy = 71E3C4031FD591570058CFDB /* PBXContainerItemProxy */;
		};
		71E3C40F1FD591570058CFDB /* PBXTargetDependency */ = {
			isa = PBXTargetDependency;
			target = 71E3C3EA1FD591560058CFDB /* VirtualTourist */;
			targetProxy = 71E3C40E1FD591570058CFDB /* PBXContainerItemProxy */;
		};
/* End PBXTargetDependency section */

/* Begin PBXVariantGroup section */
		71E3C3F21FD591560058CFDB /* Main.storyboard */ = {
			isa = PBXVariantGroup;
			children = (
				71E3C3F31FD591560058CFDB /* Base */,
			);
			name = Main.storyboard;
			sourceTree = "<group>";
		};
		71E3C3FA1FD591570058CFDB /* LaunchScreen.storyboard */ = {
			isa = PBXVariantGroup;
			children = (
				71E3C3FB1FD591570058CFDB /* Base */,
			);
			name = LaunchScreen.storyboard;
			sourceTree = "<group>";
		};
/* End PBXVariantGroup section */

/* Begin XCBuildConfiguration section */
		71E3C4141FD591570058CFDB /* Debug */ = {
			isa = XCBuildConfiguration;
			buildSettings = {
				ALWAYS_SEARCH_USER_PATHS = NO;
				CLANG_ANALYZER_NONNULL = YES;
				CLANG_ANALYZER_NUMBER_OBJECT_CONVERSION = YES_AGGRESSIVE;
				CLANG_CXX_LANGUAGE_STANDARD = "gnu++14";
				CLANG_CXX_LIBRARY = "libc++";
				CLANG_ENABLE_MODULES = YES;
				CLANG_ENABLE_OBJC_ARC = YES;
				CLANG_WARN_BLOCK_CAPTURE_AUTORELEASING = YES;
				CLANG_WARN_BOOL_CONVERSION = YES;
				CLANG_WARN_COMMA = YES;
				CLANG_WARN_CONSTANT_CONVERSION = YES;
				CLANG_WARN_DIRECT_OBJC_ISA_USAGE = YES_ERROR;
				CLANG_WARN_DOCUMENTATION_COMMENTS = YES;
				CLANG_WARN_EMPTY_BODY = YES;
				CLANG_WARN_ENUM_CONVERSION = YES;
				CLANG_WARN_INFINITE_RECURSION = YES;
				CLANG_WARN_INT_CONVERSION = YES;
				CLANG_WARN_NON_LITERAL_NULL_CONVERSION = YES;
				CLANG_WARN_OBJC_LITERAL_CONVERSION = YES;
				CLANG_WARN_OBJC_ROOT_CLASS = YES_ERROR;
				CLANG_WARN_RANGE_LOOP_ANALYSIS = YES;
				CLANG_WARN_STRICT_PROTOTYPES = YES;
				CLANG_WARN_SUSPICIOUS_MOVE = YES;
				CLANG_WARN_UNGUARDED_AVAILABILITY = YES_AGGRESSIVE;
				CLANG_WARN_UNREACHABLE_CODE = YES;
				CLANG_WARN__DUPLICATE_METHOD_MATCH = YES;
				CODE_SIGN_IDENTITY = "iPhone Developer";
				COPY_PHASE_STRIP = NO;
				DEBUG_INFORMATION_FORMAT = dwarf;
				ENABLE_STRICT_OBJC_MSGSEND = YES;
				ENABLE_TESTABILITY = YES;
				GCC_C_LANGUAGE_STANDARD = gnu11;
				GCC_DYNAMIC_NO_PIC = NO;
				GCC_NO_COMMON_BLOCKS = YES;
				GCC_OPTIMIZATION_LEVEL = 0;
				GCC_PREPROCESSOR_DEFINITIONS = (
					"DEBUG=1",
					"$(inherited)",
				);
				GCC_WARN_64_TO_32_BIT_CONVERSION = YES;
				GCC_WARN_ABOUT_RETURN_TYPE = YES_ERROR;
				GCC_WARN_UNDECLARED_SELECTOR = YES;
				GCC_WARN_UNINITIALIZED_AUTOS = YES_AGGRESSIVE;
				GCC_WARN_UNUSED_FUNCTION = YES;
				GCC_WARN_UNUSED_VARIABLE = YES;
				IPHONEOS_DEPLOYMENT_TARGET = 11.1;
				MTL_ENABLE_DEBUG_INFO = YES;
				ONLY_ACTIVE_ARCH = YES;
				SDKROOT = iphoneos;
				SWIFT_ACTIVE_COMPILATION_CONDITIONS = DEBUG;
				SWIFT_OPTIMIZATION_LEVEL = "-Onone";
			};
			name = Debug;
		};
		71E3C4151FD591570058CFDB /* Release */ = {
			isa = XCBuildConfiguration;
			buildSettings = {
				ALWAYS_SEARCH_USER_PATHS = NO;
				CLANG_ANALYZER_NONNULL = YES;
				CLANG_ANALYZER_NUMBER_OBJECT_CONVERSION = YES_AGGRESSIVE;
				CLANG_CXX_LANGUAGE_STANDARD = "gnu++14";
				CLANG_CXX_LIBRARY = "libc++";
				CLANG_ENABLE_MODULES = YES;
				CLANG_ENABLE_OBJC_ARC = YES;
				CLANG_WARN_BLOCK_CAPTURE_AUTORELEASING = YES;
				CLANG_WARN_BOOL_CONVERSION = YES;
				CLANG_WARN_COMMA = YES;
				CLANG_WARN_CONSTANT_CONVERSION = YES;
				CLANG_WARN_DIRECT_OBJC_ISA_USAGE = YES_ERROR;
				CLANG_WARN_DOCUMENTATION_COMMENTS = YES;
				CLANG_WARN_EMPTY_BODY = YES;
				CLANG_WARN_ENUM_CONVERSION = YES;
				CLANG_WARN_INFINITE_RECURSION = YES;
				CLANG_WARN_INT_CONVERSION = YES;
				CLANG_WARN_NON_LITERAL_NULL_CONVERSION = YES;
				CLANG_WARN_OBJC_LITERAL_CONVERSION = YES;
				CLANG_WARN_OBJC_ROOT_CLASS = YES_ERROR;
				CLANG_WARN_RANGE_LOOP_ANALYSIS = YES;
				CLANG_WARN_STRICT_PROTOTYPES = YES;
				CLANG_WARN_SUSPICIOUS_MOVE = YES;
				CLANG_WARN_UNGUARDED_AVAILABILITY = YES_AGGRESSIVE;
				CLANG_WARN_UNREACHABLE_CODE = YES;
				CLANG_WARN__DUPLICATE_METHOD_MATCH = YES;
				CODE_SIGN_IDENTITY = "iPhone Developer";
				COPY_PHASE_STRIP = NO;
				DEBUG_INFORMATION_FORMAT = "dwarf-with-dsym";
				ENABLE_NS_ASSERTIONS = NO;
				ENABLE_STRICT_OBJC_MSGSEND = YES;
				GCC_C_LANGUAGE_STANDARD = gnu11;
				GCC_NO_COMMON_BLOCKS = YES;
				GCC_WARN_64_TO_32_BIT_CONVERSION = YES;
				GCC_WARN_ABOUT_RETURN_TYPE = YES_ERROR;
				GCC_WARN_UNDECLARED_SELECTOR = YES;
				GCC_WARN_UNINITIALIZED_AUTOS = YES_AGGRESSIVE;
				GCC_WARN_UNUSED_FUNCTION = YES;
				GCC_WARN_UNUSED_VARIABLE = YES;
				IPHONEOS_DEPLOYMENT_TARGET = 11.1;
				MTL_ENABLE_DEBUG_INFO = NO;
				SDKROOT = iphoneos;
				SWIFT_OPTIMIZATION_LEVEL = "-Owholemodule";
				VALIDATE_PRODUCT = YES;
			};
			name = Release;
		};
		71E3C4171FD591570058CFDB /* Debug */ = {
			isa = XCBuildConfiguration;
			buildSettings = {
				ASSETCATALOG_COMPILER_APPICON_NAME = AppIcon;
				CODE_SIGN_STYLE = Automatic;
				INFOPLIST_FILE = VirtualTourist/Info.plist;
				LD_RUNPATH_SEARCH_PATHS = "$(inherited) @executable_path/Frameworks";
				PRODUCT_BUNDLE_IDENTIFIER = com.runs.VirtualTourist;
				PRODUCT_NAME = "$(TARGET_NAME)";
				SWIFT_VERSION = 4.0;
				TARGETED_DEVICE_FAMILY = "1,2";
			};
			name = Debug;
		};
		71E3C4181FD591570058CFDB /* Release */ = {
			isa = XCBuildConfiguration;
			buildSettings = {
				ASSETCATALOG_COMPILER_APPICON_NAME = AppIcon;
				CODE_SIGN_STYLE = Automatic;
				INFOPLIST_FILE = VirtualTourist/Info.plist;
				LD_RUNPATH_SEARCH_PATHS = "$(inherited) @executable_path/Frameworks";
				PRODUCT_BUNDLE_IDENTIFIER = com.runs.VirtualTourist;
				PRODUCT_NAME = "$(TARGET_NAME)";
				SWIFT_VERSION = 4.0;
				TARGETED_DEVICE_FAMILY = "1,2";
			};
			name = Release;
		};
		71E3C41A1FD591570058CFDB /* Debug */ = {
			isa = XCBuildConfiguration;
			buildSettings = {
				ALWAYS_EMBED_SWIFT_STANDARD_LIBRARIES = YES;
				BUNDLE_LOADER = "$(TEST_HOST)";
				CODE_SIGN_STYLE = Automatic;
				INFOPLIST_FILE = VirtualTouristTests/Info.plist;
				LD_RUNPATH_SEARCH_PATHS = "$(inherited) @executable_path/Frameworks @loader_path/Frameworks";
				PRODUCT_BUNDLE_IDENTIFIER = com.runs.VirtualTouristTests;
				PRODUCT_NAME = "$(TARGET_NAME)";
				SWIFT_VERSION = 4.0;
				TARGETED_DEVICE_FAMILY = "1,2";
				TEST_HOST = "$(BUILT_PRODUCTS_DIR)/VirtualTourist.app/VirtualTourist";
			};
			name = Debug;
		};
		71E3C41B1FD591570058CFDB /* Release */ = {
			isa = XCBuildConfiguration;
			buildSettings = {
				ALWAYS_EMBED_SWIFT_STANDARD_LIBRARIES = YES;
				BUNDLE_LOADER = "$(TEST_HOST)";
				CODE_SIGN_STYLE = Automatic;
				INFOPLIST_FILE = VirtualTouristTests/Info.plist;
				LD_RUNPATH_SEARCH_PATHS = "$(inherited) @executable_path/Frameworks @loader_path/Frameworks";
				PRODUCT_BUNDLE_IDENTIFIER = com.runs.VirtualTouristTests;
				PRODUCT_NAME = "$(TARGET_NAME)";
				SWIFT_VERSION = 4.0;
				TARGETED_DEVICE_FAMILY = "1,2";
				TEST_HOST = "$(BUILT_PRODUCTS_DIR)/VirtualTourist.app/VirtualTourist";
			};
			name = Release;
		};
		71E3C41D1FD591570058CFDB /* Debug */ = {
			isa = XCBuildConfiguration;
			buildSettings = {
				ALWAYS_EMBED_SWIFT_STANDARD_LIBRARIES = YES;
				CODE_SIGN_STYLE = Automatic;
				INFOPLIST_FILE = VirtualTouristUITests/Info.plist;
				LD_RUNPATH_SEARCH_PATHS = "$(inherited) @executable_path/Frameworks @loader_path/Frameworks";
				PRODUCT_BUNDLE_IDENTIFIER = com.runs.VirtualTouristUITests;
				PRODUCT_NAME = "$(TARGET_NAME)";
				SWIFT_VERSION = 4.0;
				TARGETED_DEVICE_FAMILY = "1,2";
				TEST_TARGET_NAME = VirtualTourist;
			};
			name = Debug;
		};
		71E3C41E1FD591570058CFDB /* Release */ = {
			isa = XCBuildConfiguration;
			buildSettings = {
				ALWAYS_EMBED_SWIFT_STANDARD_LIBRARIES = YES;
				CODE_SIGN_STYLE = Automatic;
				INFOPLIST_FILE = VirtualTouristUITests/Info.plist;
				LD_RUNPATH_SEARCH_PATHS = "$(inherited) @executable_path/Frameworks @loader_path/Frameworks";
				PRODUCT_BUNDLE_IDENTIFIER = com.runs.VirtualTouristUITests;
				PRODUCT_NAME = "$(TARGET_NAME)";
				SWIFT_VERSION = 4.0;
				TARGETED_DEVICE_FAMILY = "1,2";
				TEST_TARGET_NAME = VirtualTourist;
			};
			name = Release;
		};
/* End XCBuildConfiguration section */

/* Begin XCConfigurationList section */
		71E3C3E61FD591560058CFDB /* Build configuration list for PBXProject "VirtualTourist" */ = {
			isa = XCConfigurationList;
			buildConfigurations = (
				71E3C4141FD591570058CFDB /* Debug */,
				71E3C4151FD591570058CFDB /* Release */,
			);
			defaultConfigurationIsVisible = 0;
			defaultConfigurationName = Release;
		};
		71E3C4161FD591570058CFDB /* Build configuration list for PBXNativeTarget "VirtualTourist" */ = {
			isa = XCConfigurationList;
			buildConfigurations = (
				71E3C4171FD591570058CFDB /* Debug */,
				71E3C4181FD591570058CFDB /* Release */,
			);
			defaultConfigurationIsVisible = 0;
			defaultConfigurationName = Release;
		};
		71E3C4191FD591570058CFDB /* Build configuration list for PBXNativeTarget "VirtualTouristTests" */ = {
			isa = XCConfigurationList;
			buildConfigurations = (
				71E3C41A1FD591570058CFDB /* Debug */,
				71E3C41B1FD591570058CFDB /* Release */,
			);
			defaultConfigurationIsVisible = 0;
			defaultConfigurationName = Release;
		};
		71E3C41C1FD591570058CFDB /* Build configuration list for PBXNativeTarget "VirtualTouristUITests" */ = {
			isa = XCConfigurationList;
			buildConfigurations = (
				71E3C41D1FD591570058CFDB /* Debug */,
				71E3C41E1FD591570058CFDB /* Release */,
			);
			defaultConfigurationIsVisible = 0;
			defaultConfigurationName = Release;
		};
/* End XCConfigurationList section */

/* Begin XCVersionGroup section */
		71E3C3F51FD591560058CFDB /* VirtualTourist.xcdatamodeld */ = {
			isa = XCVersionGroup;
			children = (
				71E3C3F61FD591560058CFDB /* VirtualTourist.xcdatamodel */,
			);
			currentVersion = 71E3C3F61FD591560058CFDB /* VirtualTourist.xcdatamodel */;
			path = VirtualTourist.xcdatamodeld;
			sourceTree = "<group>";
			versionGroupType = wrapper.xcdatamodel;
		};
/* End XCVersionGroup section */
	};
	rootObject = 71E3C3E31FD591560058CFDB /* Project object */;
}
